
Microsoft Visual Studio Solution File, Format Version 12.00
# Visual Studio 15
VisualStudioVersion = 15.0.27130.2010
MinimumVisualStudioVersion = 10.0.40219.1
Project("{8BC9CEB8-8B4A-11D0-8D11-00A0C91BC942}") = "Ruletka", "Ruletka\Ruletka.vcxproj", "{96246EC0-D774-4A03-BB89-7A32A8C03FA5}"
EndProject
Project("{2150E333-8FDC-42A3-9474-1A3956D46DE8}") = "Solution Items", "Solution Items", "{CD11913E-A323-405E-A45F-BA5FF86B3EDE}"
	ProjectSection(SolutionItems) = preProject
		README.md = README.md
	EndProjectSection
EndProject
Global
	GlobalSection(SolutionConfigurationPlatforms) = preSolution
		Debug|x64 = Debug|x64
		Debug|x86 = Debug|x86
		Release|x64 = Release|x64
		Release|x86 = Release|x86
	EndGlobalSection
	GlobalSection(ProjectConfigurationPlatforms) = postSolution
		{96246EC0-D774-4A03-BB89-7A32A8C03FA5}.Debug|x64.ActiveCfg = Debug|x64
		{96246EC0-D774-4A03-BB89-7A32A8C03FA5}.Debug|x64.Build.0 = Debug|x64
		{96246EC0-D774-4A03-BB89-7A32A8C03FA5}.Debug|x86.ActiveCfg = Debug|Win32
		{96246EC0-D774-4A03-BB89-7A32A8C03FA5}.Debug|x86.Build.0 = Debug|Win32
		{96246EC0-D774-4A03-BB89-7A32A8C03FA5}.Release|x64.ActiveCfg = Release|x64
		{96246EC0-D774-4A03-BB89-7A32A8C03FA5}.Release|x64.Build.0 = Release|x64
		{96246EC0-D774-4A03-BB89-7A32A8C03FA5}.Release|x86.ActiveCfg = Release|Win32
		{96246EC0-D774-4A03-BB89-7A32A8C03FA5}.Release|x86.Build.0 = Release|Win32
	EndGlobalSection
	GlobalSection(SolutionProperties) = preSolution
		HideSolutionNode = FALSE
	EndGlobalSection
	GlobalSection(ExtensibilityGlobals) = postSolution
		SolutionGuid = {ACD2308D-B347-4DEF-A6C4-15325EBACA9D}
	EndGlobalSection
EndGlobal
